
Microsoft Visual Studio Solution File, Format Version 12.00
# Visual Studio Version 17
VisualStudioVersion = 17.14.36705.20
MinimumVisualStudioVersion = 10.0.40219.1
Project("{FAE04EC0-301F-11D3-BF4B-00C04F79EFBC}") = "PL", "..\PL\PL.csproj", "{548BB1F9-21BE-418B-95CF-FC8C103418CA}"
EndProject
Project("{FAE04EC0-301F-11D3-BF4B-00C04F79EFBC}") = "BL", "..\BL\BL.csproj", "{D6828D77-8623-4FD4-9B04-DE98B7710A2C}"
EndProject
Project("{FAE04EC0-301F-11D3-BF4B-00C04F79EFBC}") = "DAL", "..\DAL\DAL.csproj", "{D01A8D6E-A7B2-4892-9F92-625660C96940}"
EndProject
Project("{FAE04EC0-301F-11D3-BF4B-00C04F79EFBC}") = "Models_new", "..\Models_new\Models_new.csproj", "{D39A7881-0CE0-4CD1-9D21-E221A6939F4F}"
EndProject
Global
	GlobalSection(SolutionConfigurationPlatforms) = preSolution
		Debug|Any CPU = Debug|Any CPU
		Release|Any CPU = Release|Any CPU
	EndGlobalSection
	GlobalSection(ProjectConfigurationPlatforms) = postSolution
		{548BB1F9-21BE-418B-95CF-FC8C103418CA}.Debug|Any CPU.ActiveCfg = Debug|Any CPU
		{548BB1F9-21BE-418B-95CF-FC8C103418CA}.Debug|Any CPU.Build.0 = Debug|Any CPU
		{548BB1F9-21BE-418B-95CF-FC8C103418CA}.Release|Any CPU.ActiveCfg = Release|Any CPU
		{548BB1F9-21BE-418B-95CF-FC8C103418CA}.Release|Any CPU.Build.0 = Release|Any CPU
		{D6828D77-8623-4FD4-9B04-DE98B7710A2C}.Debug|Any CPU.ActiveCfg = Debug|Any CPU
		{D6828D77-8623-4FD4-9B04-DE98B7710A2C}.Debug|Any CPU.Build.0 = Debug|Any CPU
		{D6828D77-8623-4FD4-9B04-DE98B7710A2C}.Release|Any CPU.ActiveCfg = Release|Any CPU
		{D6828D77-8623-4FD4-9B04-DE98B7710A2C}.Release|Any CPU.Build.0 = Release|Any CPU
		{D01A8D6E-A7B2-4892-9F92-625660C96940}.Debug|Any CPU.ActiveCfg = Debug|Any CPU
		{D01A8D6E-A7B2-4892-9F92-625660C96940}.Debug|Any CPU.Build.0 = Debug|Any CPU
		{D01A8D6E-A7B2-4892-9F92-625660C96940}.Release|Any CPU.ActiveCfg = Release|Any CPU
		{D01A8D6E-A7B2-4892-9F92-625660C96940}.Release|Any CPU.Build.0 = Release|Any CPU
		{D39A7881-0CE0-4CD1-9D21-E221A6939F4F}.Debug|Any CPU.ActiveCfg = Debug|Any CPU
		{D39A7881-0CE0-4CD1-9D21-E221A6939F4F}.Debug|Any CPU.Build.0 = Debug|Any CPU
		{D39A7881-0CE0-4CD1-9D21-E221A6939F4F}.Release|Any CPU.ActiveCfg = Release|Any CPU
		{D39A7881-0CE0-4CD1-9D21-E221A6939F4F}.Release|Any CPU.Build.0 = Release|Any CPU
	EndGlobalSection
	GlobalSection(SolutionProperties) = preSolution
		HideSolutionNode = FALSE
	EndGlobalSection
	GlobalSection(ExtensibilityGlobals) = postSolution
		SolutionGuid = {6D3DD64B-5AC3-4697-B301-EFD4AB02E7AD}
	EndGlobalSection
EndGlobal
